
Microsoft Visual Studio Solution File, Format Version 12.00
# Visual Studio Version 17
VisualStudioVersion = 17.9.34902.65
MinimumVisualStudioVersion = 10.0.40219.1
Project("{FAE04EC0-301F-11D3-BF4B-00C04F79EFBC}") = "CRUDApiSample", "CRUDApiSample.csproj", "{49FF29E4-F0D0-401A-8DB4-82149A8AA0B9}"
EndProject
Global
	GlobalSection(SolutionConfigurationPlatforms) = preSolution
		Debug|Any CPU = Debug|Any CPU
		Release|Any CPU = Release|Any CPU
	EndGlobalSection
	GlobalSection(ProjectConfigurationPlatforms) = postSolution
		{49FF29E4-F0D0-401A-8DB4-82149A8AA0B9}.Debug|Any CPU.ActiveCfg = Debug|Any CPU
		{49FF29E4-F0D0-401A-8DB4-82149A8AA0B9}.Debug|Any CPU.Build.0 = Debug|Any CPU
		{49FF29E4-F0D0-401A-8DB4-82149A8AA0B9}.Release|Any CPU.ActiveCfg = Release|Any CPU
		{49FF29E4-F0D0-401A-8DB4-82149A8AA0B9}.Release|Any CPU.Build.0 = Release|Any CPU
	EndGlobalSection
	GlobalSection(SolutionProperties) = preSolution
		HideSolutionNode = FALSE
	EndGlobalSection
	GlobalSection(ExtensibilityGlobals) = postSolution
		SolutionGuid = {A497E368-63DD-4954-8874-0F504456687A}
	EndGlobalSection
EndGlobal
